filippo.io/edwards25519 v1.1.0 h1:FNf4tywRC1HmFuKW5xopWpigGjJKiJSV0Cqo0cJWDaA=
filippo.io/edwards25519 v1.1.0/go.mod h1:BxyFTGdWcka3PhytdK4V28tE5sGfRvvvRV7EaN4VDT4=
github.com/akristianlopez/action/ast v0.0.0-20260108135741-18ca755e332f h1:UVaZf3GZ686Ez6NT3NIHOqWpU05+tq0eerps2VRzCzM=
github.com/akristianlopez/action/ast v0.0.0-20260108135741-18ca755e332f/go.mod h1:WLZZP2mVFQievDesEVwxSFFNjLUEH05VRrG01hXRHzQ=
github.com/akristianlopez/action/ast v0.0.0-20260108145342-204e82350624 h1:VXDkTgy3HHJOIk/PKWryqeKfwoaGwwq8GbLnk5uFOlI=
github.com/akristianlopez/action/ast v0.0.0-20260108145342-204e82350624/go.mod h1:WLZZP2mVFQievDesEVwxSFFNjLUEH05VRrG01hXRHzQ=
github.com/akristianlopez/action/lexer v0.0.0-20260108145342-204e82350624 h1:EU1ROaBoTkowoBN8kpongyHf8RBvCWSlV56LIQehLSk=
github.com/akristianlopez/action/lexer v0.0.0-20260108145342-204e82350624/go.mod h1:GCWCapxvNS3xT+OGOcryvVotfDbhrvWNR3vDPCycg1A=
github.com/akristianlopez/action/nsina v0.0.0-20260108145342-204e82350624 h1:43OvK50ZE3MPaO6uocJb+hIMl4xbthm5ycIyYXZREU0=
github.com/akristianlopez/action/nsina v0.0.0-20260108145342-204e82350624/go.mod h1:Oq0MEUiAQRkL4eHXVTG6yZBwpUr4CrAUgEGK35zGtpY=
github.com/akristianlopez/action/object v0.0.0-20260108145342-204e82350624 h1:RvaoSwHaX+CpL9OgOZeXtti+S6tcgUqvTFLiKzp155I=
github.com/akristianlopez/action/object v0.0.0-20260108145342-204e82350624/go.mod h1:DUY9RxZR+sf9qOtObeT/yCivcO8Tb3NFw25RfRiaCTk=
github.com/akristianlopez/action/optimizer v0.0.0-20260108145342-204e82350624 h1:pN/1fuzLEyI7SfZEWt5NxMYkdWl1P9VFqEmQ5cwVmGM=
github.com/akristianlopez/action/optimizer v0.0.0-20260108145342-204e82350624/go.mod h1:b81VPJBtYgHXOADm+r0i5TJMuI9HPwIg5R9pi/oY1IM=
github.com/akristianlopez/action/parser v0.0.0-20260108145342-204e82350624 h1:YmgN13laCiyuzkO/lVenRYQrIGTtvKsVqZnB0LCwcGQ=
github.com/akristianlopez/action/parser v0.0.0-20260108145342-204e82350624/go.mod h1:oTsL8uN2bAbALNWPBMb9jN2vUnmpbYGDKMdC5nNYIT4=
github.com/akristianlopez/action/semantic v0.0.0-20260108145342-204e82350624 h1:TqfphT+ki6R8xIYzF4Kn82a9xbV9hZ4AvBfJj1Z7daI=
github.com/akristianlopez/action/semantic v0.0.0-20260108145342-204e82350624/go.mod h1:CztW4ACwZ4b7W4EMEoIJk5eHOo0K8iubKJR0ni2Phmk=
github.com/akristianlopez/action/token v0.0.0-20260108145342-204e82350624 h1:+e5crJgLDO7CBza5Y2DJQbH8N/T8UB/ZeRA9naUT0Kc=
github.com/akristianlopez/action/token v0.0.0-20260108145342-204e82350624/go.mod h1:n7cAip7Q5h0VfgSZT3ykRIPU5D8HKnm8R2pEtrvrC9s=
github.com/dustin/go-humanize v1.0.1 h1:GzkhY7T5VNhEkwH0PVJgjz+fX1rhBrR7pRT3mDkpeCY=
github.com/dustin/go-humanize v1.0.1/go.mod h1:Mu1zIs6XwVuF/gI1OepvI0qD18qycQx+mFykh5fBlto=
github.com/go-sql-driver/mysql v1.9.3 h1:U/N249h2WzJ3Ukj8SowVFjdtZKfu9vlLZxjPXV1aweo=
github.com/go-sql-driver/mysql v1.9.3/go.mod h1:qn46aNg1333BRMNU69Lq93t8du/dwxI64Gl8i5p1WMU=
github.com/google/uuid v1.6.0 h1:NIvaJDMOsjHA8n1jAhLSgzrAzy1Hgr+hNrb57e+94F0=
github.com/google/uuid v1.6.0/go.mod h1:TIyPZe4MgqvfeYDBFedMoGGpEw/LqOeaOT+nhxU+yHo=
github.com/lib/pq v1.10.9 h1:YXG7RB+JIjhP29X+OtkiDnYaXQwpS4JEWq7dtCCRUEw=
github.com/lib/pq v1.10.9/go.mod h1:AlVN5x4E4T544tWzH6hKfbfQvm3HdbOxrmggDNAPY9o=
github.com/mattn/go-isatty v0.0.20 h1:xfD0iDuEKnDkl03q4limB+vH+GxLEtL/jb4xVJSWWEY=
github.com/mattn/go-isatty v0.0.20/go.mod h1:W+V8PltTTMOvKvAeJH7IuucS94S2C6jfK/D7dTCTo3Y=
github.com/ncruces/go-strftime v1.0.0 h1:HMFp8mLCTPp341M/ZnA4qaf7ZlsbTc+miZjCLOFAw7w=
github.com/ncruces/go-strftime v1.0.0/go.mod h1:Fwc5htZGVVkseilnfgOVb9mKy6w1naJmn9CehxcKcls=
github.com/remyoudompheng/bigfft v0.0.0-20230129092748-24d4a6f8daec h1:W09IVJc94icq4NjY3clb7Lk8O1qJ8BdBEF8z0ibU0rE=
github.com/remyoudompheng/bigfft v0.0.0-20230129092748-24d4a6f8daec/go.mod h1:qqbHyh8v60DhA7CoWK5oRCqLrMHRGoxYCSS9EjAz6Eo=
golang.org/x/exp v0.0.0-20251219203646-944ab1f22d93 h1:fQsdNF2N+/YewlRZiricy4P1iimyPKZ/xwniHj8Q2a0=
golang.org/x/exp v0.0.0-20251219203646-944ab1f22d93/go.mod h1:EPRbTFwzwjXj9NpYyyrvenVh9Y+GFeEvMNh7Xuz7xgU=
golang.org/x/sys v0.39.0 h1:CvCKL8MeisomCi6qNZ+wbb0DN9E5AATixKsvNtMoMFk=
golang.org/x/sys v0.39.0/go.mod h1:OgkHotnGiDImocRcuBABYBEXf8A9a87e/uXjp9XT3ks=
modernc.org/libc v1.67.4 h1:zZGmCMUVPORtKv95c2ReQN5VDjvkoRm9GWPTEPuvlWg=
modernc.org/libc v1.67.4/go.mod h1:QvvnnJ5P7aitu0ReNpVIEyesuhmDLQ8kaEoyMjIFZJA=
modernc.org/mathutil v1.7.1 h1:GCZVGXdaN8gTqB1Mf/usp1Y/hSqgI2vAGGP4jZMCxOU=
modernc.org/mathutil v1.7.1/go.mod h1:4p5IwJITfppl0G4sUEDtCr4DthTaT47/N3aT6MhfgJg=
modernc.org/memory v1.11.0 h1:o4QC8aMQzmcwCK3t3Ux/ZHmwFPzE6hf2Y5LbkRs+hbI=
modernc.org/memory v1.11.0/go.mod h1:/JP4VbVC+K5sU2wZi9bHoq2MAkCnrt2r98UGeSK7Mjw=
modernc.org/sqlite v1.42.2 h1:7hkZUNJvJFN2PgfUdjni9Kbvd4ef4mNLOu0B9FGxM74=
modernc.org/sqlite v1.42.2/go.mod h1:+VkC6v3pLOAE0A0uVucQEcbVW0I5nHCeDaBf+DpsQT8=
