github.com/akristianlopez/action/ast v0.0.0-20251211112803-200c6b62ceb4 h1:ZU5PncfDMXepm0FFp5++44in2ybfL1Rt5/SK2naJfrU=
github.com/akristianlopez/action/ast v0.0.0-20251211112803-200c6b62ceb4/go.mod h1:VPQD8MxzHTeBfUCVxyQneaFavxQatvTpJ2P3AYBp6kI=
github.com/akristianlopez/action/token v0.0.0-20251211112803-200c6b62ceb4 h1:EPIj7/DmiEm/nQpsQQPCWLIbOb397LCRbEoVKMm17p0=
github.com/akristianlopez/action/token v0.0.0-20251211112803-200c6b62ceb4/go.mod h1:n7cAip7Q5h0VfgSZT3ykRIPU5D8HKnm8R2pEtrvrC9s=
