github.com/akristianlopez/action/ast v0.0.0-20260102194132-735f6e22001d h1:NlqQlboQLCAdA/49bqRExTL4E0tlY7bbeost4uRKxn4=
github.com/akristianlopez/action/ast v0.0.0-20260102194132-735f6e22001d/go.mod h1:WLZZP2mVFQievDesEVwxSFFNjLUEH05VRrG01hXRHzQ=
github.com/akristianlopez/action/token v0.0.0-20260102194132-735f6e22001d h1:ufEe8S/+gaJ9V8HBupuy4VaqBNoanXb7LlRl6s6EWSo=
github.com/akristianlopez/action/token v0.0.0-20260102194132-735f6e22001d/go.mod h1:n7cAip7Q5h0VfgSZT3ykRIPU5D8HKnm8R2pEtrvrC9s=
