github.com/akristianlopez/action/ast v0.0.0-20251216102743-833a7ceb43af h1:vs263Xp4R5kwwUV0EeZjexnhRMeORhGqRDUVOqd5NYM=
github.com/akristianlopez/action/ast v0.0.0-20251216102743-833a7ceb43af/go.mod h1:VPQD8MxzHTeBfUCVxyQneaFavxQatvTpJ2P3AYBp6kI=
github.com/akristianlopez/action/lexer v0.0.0-20251216102743-833a7ceb43af h1:kwyfXgcQtFyNWr2PgY80A1Hf1HpDwroQ6woO8+TGmNY=
github.com/akristianlopez/action/lexer v0.0.0-20251216102743-833a7ceb43af/go.mod h1:mP72a9hny/TAW4Oh/5o4r/2eF4TSFfm9NWHFQFmVILg=
github.com/akristianlopez/action/object v0.0.0-20251216102743-833a7ceb43af h1:f0dRsdaxJaYBRJ/nDf9OCBGuQuCXJg6a3GCwt2BpBko=
github.com/akristianlopez/action/object v0.0.0-20251216102743-833a7ceb43af/go.mod h1:ShehmzqdY93y1147aP4loP8qeGu+y4WUxVT/PGNM0+c=
github.com/akristianlopez/action/parser v0.0.0-20251216102743-833a7ceb43af h1:jImJfE4XV9KXy2MezKSwsawqXWWHKqYzBU8hSELWRJ4=
github.com/akristianlopez/action/parser v0.0.0-20251216102743-833a7ceb43af/go.mod h1:BdDDcMGSZR4xp5LeaLhUwFyYWGm4iizDqCC5EZCflX0=
github.com/akristianlopez/action/token v0.0.0-20251216102743-833a7ceb43af h1:dLmI8zisW1JZPXfHcdlkiPBdUSGI9RsepOauvvoTBfU=
github.com/akristianlopez/action/token v0.0.0-20251216102743-833a7ceb43af/go.mod h1:n7cAip7Q5h0VfgSZT3ykRIPU5D8HKnm8R2pEtrvrC9s=
