github.com/akristianlopez/action/ast v0.0.0-20251202104846-1a25d905e47e h1:EGfa8siuxbXCfiSqmhbsCNTrIROrE0VAxWrTxj1eJEM=
github.com/akristianlopez/action/ast v0.0.0-20251202104846-1a25d905e47e/go.mod h1:Bek0HtWaKnuFKgGC3tFcWmg9pk3Wgp+KgbNoTkResfw=
github.com/akristianlopez/action/token v0.0.0-20251202095412-e2c37902fb0b h1:cz8lJRHZypjdzqq/ek3bW28t+4zrMXzTqmopAo+dO9c=
github.com/akristianlopez/action/token v0.0.0-20251202095412-e2c37902fb0b/go.mod h1:n7cAip7Q5h0VfgSZT3ykRIPU5D8HKnm8R2pEtrvrC9s=
