github.com/akristianlopez/action/ast v0.0.0-20251130112521-884061ec1913 h1:yvCw4amNZkw/quC1WQyDtxYUQMh3KijeYw+gH8orW6E=
github.com/akristianlopez/action/ast v0.0.0-20251130112521-884061ec1913/go.mod h1:zGonwnF8gcxccxVd2FhRJIfFlSgocsW4ZSPG6pQtwr4=
github.com/akristianlopez/action/lexer v0.0.0-20251130104910-ec18044f0be9 h1:jGdPoURAWY4JKQz9gAOvwC9gUdfBs17dBZ1P0vAkl7U=
github.com/akristianlopez/action/lexer v0.0.0-20251130104910-ec18044f0be9/go.mod h1:0GQYPRQmC+FuTcjS/RE03STSu7SnTxQ6kuCArqzGNmo=
github.com/akristianlopez/action/token v0.0.0-20251130112521-884061ec1913 h1:Fbd5qCUOnfAc/ph4VSDAwSuxYLsaRTvmUtP59ZMT9GI=
github.com/akristianlopez/action/token v0.0.0-20251130112521-884061ec1913/go.mod h1:n7cAip7Q5h0VfgSZT3ykRIPU5D8HKnm8R2pEtrvrC9s=
