github.com/akristianlopez/action/ast v0.0.0-20251222171857-68efcb421228 h1:kFXNxXaWoTI3Mkm5hnBERA9JZNE5WQBGc0dya9iO4u8=
github.com/akristianlopez/action/ast v0.0.0-20251222171857-68efcb421228/go.mod h1:WLZZP2mVFQievDesEVwxSFFNjLUEH05VRrG01hXRHzQ=
github.com/akristianlopez/action/lexer v0.0.0-20251222171857-68efcb421228 h1:S3jto4C1Q1/IbL3m1i5jSsbo0JsoAVYlpnuhTcBv6l4=
github.com/akristianlopez/action/lexer v0.0.0-20251222171857-68efcb421228/go.mod h1:GCWCapxvNS3xT+OGOcryvVotfDbhrvWNR3vDPCycg1A=
github.com/akristianlopez/action/token v0.0.0-20251222171857-68efcb421228 h1:/MtziKPfpVXAvxdhoKwHj7wjcekOK6GcYqBwV0XvJ5k=
github.com/akristianlopez/action/token v0.0.0-20251222171857-68efcb421228/go.mod h1:n7cAip7Q5h0VfgSZT3ykRIPU5D8HKnm8R2pEtrvrC9s=
