github.com/akristianlopez/action/ast v0.0.0-20260101182116-3431003c7e20 h1:q6fw2N4cfWp2T1KVusFOT6SZvd8iB01yTINYjU/s3oQ=
github.com/akristianlopez/action/ast v0.0.0-20260101182116-3431003c7e20/go.mod h1:WLZZP2mVFQievDesEVwxSFFNjLUEH05VRrG01hXRHzQ=
github.com/akristianlopez/action/lexer v0.0.0-20260101182116-3431003c7e20 h1:dsmubRgKHa1Mg0frVKbwfrVGzMsoRZZ4m9FxjGzlDRk=
github.com/akristianlopez/action/lexer v0.0.0-20260101182116-3431003c7e20/go.mod h1:GCWCapxvNS3xT+OGOcryvVotfDbhrvWNR3vDPCycg1A=
github.com/akristianlopez/action/nsina v0.0.0-20260101182116-3431003c7e20 h1:Ij9HYGBX9VdwiQdv5r9wfj1vBifNd5RJ8wtFIpMBI6A=
github.com/akristianlopez/action/nsina v0.0.0-20260101182116-3431003c7e20/go.mod h1:a/MQSf8TVnNUtUBpXfsdXmT4ExteeslwCVViM4izJ0Y=
github.com/akristianlopez/action/object v0.0.0-20260101182116-3431003c7e20 h1:WEkiIL9h+QZGFtDa5GuvFvziwB6OhYf4Qfosc7GEKhI=
github.com/akristianlopez/action/object v0.0.0-20260101182116-3431003c7e20/go.mod h1:ShehmzqdY93y1147aP4loP8qeGu+y4WUxVT/PGNM0+c=
github.com/akristianlopez/action/parser v0.0.0-20260101182116-3431003c7e20 h1:8fBlE6/S7+n4858NFdgqmf+l9CA1PtAQqai0cZZm2Bo=
github.com/akristianlopez/action/parser v0.0.0-20260101182116-3431003c7e20/go.mod h1:BboLFT0gvVwhwLD370K+xiEzVGy8oN5rukFV7CDVrJ4=
github.com/akristianlopez/action/token v0.0.0-20260101182116-3431003c7e20 h1:O6zPd9t2ebUcvAdYa+U96ToDfqb7thwb8FEzI5TQ6PQ=
github.com/akristianlopez/action/token v0.0.0-20260101182116-3431003c7e20/go.mod h1:n7cAip7Q5h0VfgSZT3ykRIPU5D8HKnm8R2pEtrvrC9s=
