github.com/akristianlopez/action/ast v0.0.0-20251203164604-31835fdc6de2 h1:6+u5UaHVT6QWRXv/DxAN/Mz/fCXINDEykSkybfUDKds=
github.com/akristianlopez/action/ast v0.0.0-20251203164604-31835fdc6de2/go.mod h1:UUyCN3I0178BVaaWoLn7jZDHexuj6N0fEU0jRgMsmMU=
github.com/akristianlopez/action/lexer v0.0.0-20251203164604-31835fdc6de2 h1:85MAKvVbxUm54jWpTT5KiiA5rHvphm94o1D1iVDhB/k=
github.com/akristianlopez/action/lexer v0.0.0-20251203164604-31835fdc6de2/go.mod h1:zlNeBJV6gcb/OMoMxyauYXrXoVjDeuu+Ofu7hSuXrVE=
github.com/akristianlopez/action/nsina v0.0.0-20251204100447-864d87d13bf0 h1:XIvOENBl73iSCXzHOVtnzDv+8H9KTeemrNVept+fQ7w=
github.com/akristianlopez/action/nsina v0.0.0-20251204100447-864d87d13bf0/go.mod h1:B3Ighn5qkCD4qU4QAlsxbYsPRJUKKbCkGBIOmpdVGx8=
github.com/akristianlopez/action/object v0.0.0-20251202104846-1a25d905e47e h1:wG/XAKa/Uoh4pE3Vew1S/QTNhS1uNG6oY6IpJZt3Q5k=
github.com/akristianlopez/action/object v0.0.0-20251202104846-1a25d905e47e/go.mod h1:MJ5z24cJOMTkLLO2UUylhhPK1S316rbxxq+K8meVntA=
github.com/akristianlopez/action/object v0.0.0-20251204100447-864d87d13bf0 h1:QGB0hImWvDeXixCw7OJqSfwlT7BS+INtN1gaqu9Q+LA=
github.com/akristianlopez/action/object v0.0.0-20251204100447-864d87d13bf0/go.mod h1:93iBuY6vBfR3Jx+Qd7uH7NKs1D0pySf4ASSIDM5t+Zw=
github.com/akristianlopez/action/parser v0.0.0-20251204094236-bcb08b5450d2 h1:jTHlCV06EQSGwZozriBzJdKPY8fbsVHoBt1yQpIJinA=
github.com/akristianlopez/action/parser v0.0.0-20251204094236-bcb08b5450d2/go.mod h1:qbrL1ikBB6xOFfqE8wUD0HJQaGT95FRwprkI2mWQyhI=
github.com/akristianlopez/action/token v0.0.0-20251203164604-31835fdc6de2 h1:iVG1C4Yrc2Kf564xT6eFY5pNdWelqyNB42ypiUKzcXE=
github.com/akristianlopez/action/token v0.0.0-20251203164604-31835fdc6de2/go.mod h1:n7cAip7Q5h0VfgSZT3ykRIPU5D8HKnm8R2pEtrvrC9s=
