github.com/akristianlopez/action/ast v0.0.0-20251231211409-3feb9d615249 h1:8bcqFIjXMNLek3DEZ8AKRMqDgdbcEuUKtrEpVdfC0T4=
github.com/akristianlopez/action/ast v0.0.0-20251231211409-3feb9d615249/go.mod h1:WLZZP2mVFQievDesEVwxSFFNjLUEH05VRrG01hXRHzQ=
github.com/akristianlopez/action/ast v0.0.0-20260101182116-3431003c7e20 h1:q6fw2N4cfWp2T1KVusFOT6SZvd8iB01yTINYjU/s3oQ=
github.com/akristianlopez/action/ast v0.0.0-20260101182116-3431003c7e20/go.mod h1:WLZZP2mVFQievDesEVwxSFFNjLUEH05VRrG01hXRHzQ=
github.com/akristianlopez/action/lexer v0.0.0-20251231211409-3feb9d615249 h1:Bt8Gw2IeGfVoLJHGwGQnGgFFGQkEjR0ua5HSb+Mf6Cg=
github.com/akristianlopez/action/lexer v0.0.0-20251231211409-3feb9d615249/go.mod h1:GCWCapxvNS3xT+OGOcryvVotfDbhrvWNR3vDPCycg1A=
github.com/akristianlopez/action/lexer v0.0.0-20260101182116-3431003c7e20 h1:dsmubRgKHa1Mg0frVKbwfrVGzMsoRZZ4m9FxjGzlDRk=
github.com/akristianlopez/action/lexer v0.0.0-20260101182116-3431003c7e20/go.mod h1:GCWCapxvNS3xT+OGOcryvVotfDbhrvWNR3vDPCycg1A=
github.com/akristianlopez/action/object v0.0.0-20251231211409-3feb9d615249 h1:sVI/B1cQOphFaw4QfU7d+eZ8rzH2YdYwViTP/hN8c/Y=
github.com/akristianlopez/action/object v0.0.0-20251231211409-3feb9d615249/go.mod h1:ShehmzqdY93y1147aP4loP8qeGu+y4WUxVT/PGNM0+c=
github.com/akristianlopez/action/object v0.0.0-20260101202055-a0919d3d1127 h1:WCgTfX/puDjw5VTvjv3cJeZFHxPcp+DrGJCVyx9o9bI=
github.com/akristianlopez/action/object v0.0.0-20260101202055-a0919d3d1127/go.mod h1:ShehmzqdY93y1147aP4loP8qeGu+y4WUxVT/PGNM0+c=
github.com/akristianlopez/action/optimizer v0.0.0-20251231211409-3feb9d615249 h1:xfHw2aqC6szRvOYNmmiMivsIGJr7FhSiG/XHUhwIuNs=
github.com/akristianlopez/action/optimizer v0.0.0-20251231211409-3feb9d615249/go.mod h1:hYow0uzbLFbPxd5oVSVvpI9XVzjPl8bVOfzKtl+mes4=
github.com/akristianlopez/action/optimizer v0.0.0-20260101202055-a0919d3d1127 h1:DJn12KGcRiUvsGjgHMuj7UGEXHrMsAefEYPR4EgyRHA=
github.com/akristianlopez/action/optimizer v0.0.0-20260101202055-a0919d3d1127/go.mod h1:I0bamhoLmu7gZGkr/CZ7BiVz2DnDmoGUBL0g/iRpvag=
github.com/akristianlopez/action/parser v0.0.0-20251231211409-3feb9d615249 h1:mzJqAOANiWe7UBNDTL+oiOxDO05BC7OO+3y2l+Oqigg=
github.com/akristianlopez/action/parser v0.0.0-20251231211409-3feb9d615249/go.mod h1:BboLFT0gvVwhwLD370K+xiEzVGy8oN5rukFV7CDVrJ4=
github.com/akristianlopez/action/parser v0.0.0-20260101202055-a0919d3d1127 h1:8RYSe+HwCw1fbQcOrPtvS4Dm1ga/lNZ4aC0ocYPDpDw=
github.com/akristianlopez/action/parser v0.0.0-20260101202055-a0919d3d1127/go.mod h1:JeEkJYsWRb/fISAt7IjDxzYGPtxghOlghmkOZ/iImsA=
github.com/akristianlopez/action/semantic v0.0.0-20251231211409-3feb9d615249 h1:+547XlKpRX8QQ4GbpzI4RWkUlD5EpLaklaqEN77IDRQ=
github.com/akristianlopez/action/semantic v0.0.0-20251231211409-3feb9d615249/go.mod h1:5K3cu2IYP/lmqTbrKzYz6J2hDCGZ6G6W+Abzhs9fcYg=
github.com/akristianlopez/action/semantic v0.0.0-20260101202055-a0919d3d1127 h1:nUy/PQF0kTSu3pu2hhrIU7MsAiMUbEadDUxGV9aPcJM=
github.com/akristianlopez/action/semantic v0.0.0-20260101202055-a0919d3d1127/go.mod h1:B539rTH8IMKOstBRzKAqvAle34WYxHi3XPlYo665u2o=
github.com/akristianlopez/action/token v0.0.0-20251231211409-3feb9d615249 h1:mLkPVs1AMh2kThsI7UmQ0deNQX12u1YqeL9YZiBZMFs=
github.com/akristianlopez/action/token v0.0.0-20251231211409-3feb9d615249/go.mod h1:n7cAip7Q5h0VfgSZT3ykRIPU5D8HKnm8R2pEtrvrC9s=
github.com/akristianlopez/action/token v0.0.0-20260101182116-3431003c7e20 h1:O6zPd9t2ebUcvAdYa+U96ToDfqb7thwb8FEzI5TQ6PQ=
github.com/akristianlopez/action/token v0.0.0-20260101182116-3431003c7e20/go.mod h1:n7cAip7Q5h0VfgSZT3ykRIPU5D8HKnm8R2pEtrvrC9s=
