github.com/akristianlopez/action/ast v0.0.0-20251229223646-0a6b7ffe62c5 h1:jFJzYJOBXXGZarDOZswMmqtGewjuG9f+QJ4q+lYclyU=
github.com/akristianlopez/action/ast v0.0.0-20251229223646-0a6b7ffe62c5/go.mod h1:WLZZP2mVFQievDesEVwxSFFNjLUEH05VRrG01hXRHzQ=
github.com/akristianlopez/action/lexer v0.0.0-20251229223646-0a6b7ffe62c5 h1:4IGNKDy/neC0dsf+CIeQIFnq9wXP6XUs6IchJ2YGTgk=
github.com/akristianlopez/action/lexer v0.0.0-20251229223646-0a6b7ffe62c5/go.mod h1:GCWCapxvNS3xT+OGOcryvVotfDbhrvWNR3vDPCycg1A=
github.com/akristianlopez/action/object v0.0.0-20251230002841-a04b14ff2704 h1:4+TLcZg/k96+bnDh+fCnQrlIji5/g6wmq9yebtsDG6c=
github.com/akristianlopez/action/object v0.0.0-20251230002841-a04b14ff2704/go.mod h1:ShehmzqdY93y1147aP4loP8qeGu+y4WUxVT/PGNM0+c=
github.com/akristianlopez/action/optimizer v0.0.0-20251229223646-0a6b7ffe62c5 h1:wnps8lsVDtX8vcJJX0nkI+KWm3qARybitvqc6sbHsmA=
github.com/akristianlopez/action/optimizer v0.0.0-20251229223646-0a6b7ffe62c5/go.mod h1:hYow0uzbLFbPxd5oVSVvpI9XVzjPl8bVOfzKtl+mes4=
github.com/akristianlopez/action/parser v0.0.0-20251229223646-0a6b7ffe62c5 h1:KkdSNzkMWWOBtmcF1VLLDNQZpBJzc5LED+JtSyXU7Bk=
github.com/akristianlopez/action/parser v0.0.0-20251229223646-0a6b7ffe62c5/go.mod h1:BboLFT0gvVwhwLD370K+xiEzVGy8oN5rukFV7CDVrJ4=
github.com/akristianlopez/action/semantic v0.0.0-20251230002841-a04b14ff2704 h1:wozW4LExmdYYEwKy0pDtaQ6WnAlP6pnJhtY7+yLfSms=
github.com/akristianlopez/action/semantic v0.0.0-20251230002841-a04b14ff2704/go.mod h1:5K3cu2IYP/lmqTbrKzYz6J2hDCGZ6G6W+Abzhs9fcYg=
github.com/akristianlopez/action/token v0.0.0-20251229223646-0a6b7ffe62c5 h1:0v3a1lwwIbnNDAas5/A3qIjRnJBgNBJsUC2dOV7QBpE=
github.com/akristianlopez/action/token v0.0.0-20251229223646-0a6b7ffe62c5/go.mod h1:n7cAip7Q5h0VfgSZT3ykRIPU5D8HKnm8R2pEtrvrC9s=
