github.com/akristianlopez/action/ast v0.0.0-20251226203528-83f1c5fc80d9 h1:2HFdLCW/g7Am5xqNsX1IVa5I7lIGbcFpNeAIhYjVhak=
github.com/akristianlopez/action/ast v0.0.0-20251226203528-83f1c5fc80d9/go.mod h1:WLZZP2mVFQievDesEVwxSFFNjLUEH05VRrG01hXRHzQ=
github.com/akristianlopez/action/lexer v0.0.0-20251226203528-83f1c5fc80d9 h1:ImmE6nueoWn5NqJ1Wcp3/zXBc1Y0BV34w/S31DP5sMk=
github.com/akristianlopez/action/lexer v0.0.0-20251226203528-83f1c5fc80d9/go.mod h1:GCWCapxvNS3xT+OGOcryvVotfDbhrvWNR3vDPCycg1A=
github.com/akristianlopez/action/object v0.0.0-20251226203528-83f1c5fc80d9 h1:4Kz1D8AH5v/N1p8Bkk92J5seSHWlSxkgOS9cjuKZu4A=
github.com/akristianlopez/action/object v0.0.0-20251226203528-83f1c5fc80d9/go.mod h1:ShehmzqdY93y1147aP4loP8qeGu+y4WUxVT/PGNM0+c=
github.com/akristianlopez/action/optimizer v0.0.0-20251226203528-83f1c5fc80d9 h1:K1of325zh2zQOwS1CWX6Rgmg5vIoXV3l/LU28rOuTWA=
github.com/akristianlopez/action/optimizer v0.0.0-20251226203528-83f1c5fc80d9/go.mod h1:ReDN4FMoM896uksVS98++yjmaXcqJ4qCSbaf7SHMUdE=
github.com/akristianlopez/action/parser v0.0.0-20251226203528-83f1c5fc80d9 h1:vRZbS/aKt/gwJNqtbhYRJxWkakof1TnRCLxDePgaGhM=
github.com/akristianlopez/action/parser v0.0.0-20251226203528-83f1c5fc80d9/go.mod h1:DErQtouu4+/pZ489a00fQ6aMZdSew7Am+fboWb+MDJc=
github.com/akristianlopez/action/semantic v0.0.0-20251226203528-83f1c5fc80d9 h1:N7STqimFkI/NWjEo9iIlWIKPViFUZhTPI3FfQZw3XeA=
github.com/akristianlopez/action/semantic v0.0.0-20251226203528-83f1c5fc80d9/go.mod h1:edeM3E3OO29qci3q3pisQmxZBvShqFny5ykr35qqscQ=
github.com/akristianlopez/action/token v0.0.0-20251226203528-83f1c5fc80d9 h1:jPWNrgPd+/OeO4PGa29quDuw3DrRnQ/19yvv2ORY+Jg=
github.com/akristianlopez/action/token v0.0.0-20251226203528-83f1c5fc80d9/go.mod h1:n7cAip7Q5h0VfgSZT3ykRIPU5D8HKnm8R2pEtrvrC9s=
